
Microsoft Visual Studio Solution File, Format Version 12.00
# Visual Studio Version 16
VisualStudioVersion = 16.0.29806.167
MinimumVisualStudioVersion = 10.0.40219.1
Project("{FAE04EC0-301F-11D3-BF4B-00C04F79EFBC}") = "TabbyCat", "TabbyCat\TabbyCat.csproj", "{EFF699A0-C701-41CF-8EAD-1473BEF2332F}"
EndProject
Project("{FAE04EC0-301F-11D3-BF4B-00C04F79EFBC}") = "TabbyCat.Common", "TabbyCat.Common\TabbyCat.Common.csproj", "{2AE90AE3-BFD0-4B81-B894-12DD5CA59828}"
EndProject
Project("{FAE04EC0-301F-11D3-BF4B-00C04F79EFBC}") = "TabbyCat.Controls", "TabbyCat.Controls\TabbyCat.Controls.csproj", "{863F94EC-92F5-4B7C-833E-6016ED499CA4}"
EndProject
Project("{FAE04EC0-301F-11D3-BF4B-00C04F79EFBC}") = "Jmk.Controls", "Jmk.Controls\Jmk.Controls.csproj", "{6B45E0F7-A8B0-4D9B-B730-E361D62FB1F4}"
EndProject
Project("{FAE04EC0-301F-11D3-BF4B-00C04F79EFBC}") = "Jmk.Common", "Jmk.Common\Jmk.Common.csproj", "{3FCC8674-5E51-4FA1-976E-C0C3966FE77F}"
EndProject
Project("{FAE04EC0-301F-11D3-BF4B-00C04F79EFBC}") = "Jmk.Common.Tests", "Jmk.Common.Tests\Jmk.Common.Tests.csproj", "{068A445A-A208-4511-82BF-575223E41961}"
EndProject
Project("{FAE04EC0-301F-11D3-BF4B-00C04F79EFBC}") = "TabbyCat.Tests", "TabbyCat.Tests\TabbyCat.Tests.csproj", "{04F1B374-07A4-415B-A728-DA73A1824F2D}"
EndProject
Global
	GlobalSection(SolutionConfigurationPlatforms) = preSolution
		Debug|Any CPU = Debug|Any CPU
		Release|Any CPU = Release|Any CPU
	EndGlobalSection
	GlobalSection(ProjectConfigurationPlatforms) = postSolution
		{EFF699A0-C701-41CF-8EAD-1473BEF2332F}.Debug|Any CPU.ActiveCfg = Debug|Any CPU
		{EFF699A0-C701-41CF-8EAD-1473BEF2332F}.Debug|Any CPU.Build.0 = Debug|Any CPU
		{EFF699A0-C701-41CF-8EAD-1473BEF2332F}.Release|Any CPU.ActiveCfg = Release|Any CPU
		{EFF699A0-C701-41CF-8EAD-1473BEF2332F}.Release|Any CPU.Build.0 = Release|Any CPU
		{2AE90AE3-BFD0-4B81-B894-12DD5CA59828}.Debug|Any CPU.ActiveCfg = Debug|Any CPU
		{2AE90AE3-BFD0-4B81-B894-12DD5CA59828}.Debug|Any CPU.Build.0 = Debug|Any CPU
		{2AE90AE3-BFD0-4B81-B894-12DD5CA59828}.Release|Any CPU.ActiveCfg = Release|Any CPU
		{2AE90AE3-BFD0-4B81-B894-12DD5CA59828}.Release|Any CPU.Build.0 = Release|Any CPU
		{863F94EC-92F5-4B7C-833E-6016ED499CA4}.Debug|Any CPU.ActiveCfg = Debug|Any CPU
		{863F94EC-92F5-4B7C-833E-6016ED499CA4}.Debug|Any CPU.Build.0 = Debug|Any CPU
		{863F94EC-92F5-4B7C-833E-6016ED499CA4}.Release|Any CPU.ActiveCfg = Release|Any CPU
		{863F94EC-92F5-4B7C-833E-6016ED499CA4}.Release|Any CPU.Build.0 = Release|Any CPU
		{6B45E0F7-A8B0-4D9B-B730-E361D62FB1F4}.Debug|Any CPU.ActiveCfg = Debug|Any CPU
		{6B45E0F7-A8B0-4D9B-B730-E361D62FB1F4}.Debug|Any CPU.Build.0 = Debug|Any CPU
		{6B45E0F7-A8B0-4D9B-B730-E361D62FB1F4}.Release|Any CPU.ActiveCfg = Release|Any CPU
		{6B45E0F7-A8B0-4D9B-B730-E361D62FB1F4}.Release|Any CPU.Build.0 = Release|Any CPU
		{3FCC8674-5E51-4FA1-976E-C0C3966FE77F}.Debug|Any CPU.ActiveCfg = Debug|Any CPU
		{3FCC8674-5E51-4FA1-976E-C0C3966FE77F}.Debug|Any CPU.Build.0 = Debug|Any CPU
		{3FCC8674-5E51-4FA1-976E-C0C3966FE77F}.Release|Any CPU.ActiveCfg = Release|Any CPU
		{3FCC8674-5E51-4FA1-976E-C0C3966FE77F}.Release|Any CPU.Build.0 = Release|Any CPU
		{068A445A-A208-4511-82BF-575223E41961}.Debug|Any CPU.ActiveCfg = Debug|Any CPU
		{068A445A-A208-4511-82BF-575223E41961}.Debug|Any CPU.Build.0 = Debug|Any CPU
		{068A445A-A208-4511-82BF-575223E41961}.Release|Any CPU.ActiveCfg = Release|Any CPU
		{068A445A-A208-4511-82BF-575223E41961}.Release|Any CPU.Build.0 = Release|Any CPU
		{04F1B374-07A4-415B-A728-DA73A1824F2D}.Debug|Any CPU.ActiveCfg = Debug|Any CPU
		{04F1B374-07A4-415B-A728-DA73A1824F2D}.Debug|Any CPU.Build.0 = Debug|Any CPU
		{04F1B374-07A4-415B-A728-DA73A1824F2D}.Release|Any CPU.ActiveCfg = Release|Any CPU
		{04F1B374-07A4-415B-A728-DA73A1824F2D}.Release|Any CPU.Build.0 = Release|Any CPU
	EndGlobalSection
	GlobalSection(SolutionProperties) = preSolution
		HideSolutionNode = FALSE
	EndGlobalSection
	GlobalSection(ExtensibilityGlobals) = postSolution
		SolutionGuid = {FFC6B113-80AD-4E2D-9D1D-517586CB5239}
	EndGlobalSection
EndGlobal
